
Microsoft Visual Studio Solution File, Format Version 12.00
# Visual Studio 2012
Project("{FAE04EC0-301F-11D3-BF4B-00C04F79EFBC}") = "QuanLySoThu", "QuanLySoThu\QuanLySoThu.csproj", "{1FBCD229-28F8-49B8-9F18-C941FF9F03B2}"
EndProject
Project("{FAE04EC0-301F-11D3-BF4B-00C04F79EFBC}") = "DataModel", "DataModel\DataModel.csproj", "{1E7A5030-68B0-47A7-BA95-45A8914F8E65}"
EndProject
Global
	GlobalSection(SolutionConfigurationPlatforms) = preSolution
		Debug|Any CPU = Debug|Any CPU
		Release|Any CPU = Release|Any CPU
	EndGlobalSection
	GlobalSection(ProjectConfigurationPlatforms) = postSolution
		{1FBCD229-28F8-49B8-9F18-C941FF9F03B2}.Debug|Any CPU.ActiveCfg = Debug|Any CPU
		{1FBCD229-28F8-49B8-9F18-C941FF9F03B2}.Debug|Any CPU.Build.0 = Debug|Any CPU
		{1FBCD229-28F8-49B8-9F18-C941FF9F03B2}.Release|Any CPU.ActiveCfg = Release|Any CPU
		{1FBCD229-28F8-49B8-9F18-C941FF9F03B2}.Release|Any CPU.Build.0 = Release|Any CPU
		{1E7A5030-68B0-47A7-BA95-45A8914F8E65}.Debug|Any CPU.ActiveCfg = Debug|Any CPU
		{1E7A5030-68B0-47A7-BA95-45A8914F8E65}.Debug|Any CPU.Build.0 = Debug|Any CPU
		{1E7A5030-68B0-47A7-BA95-45A8914F8E65}.Release|Any CPU.ActiveCfg = Release|Any CPU
		{1E7A5030-68B0-47A7-BA95-45A8914F8E65}.Release|Any CPU.Build.0 = Release|Any CPU
	EndGlobalSection
	GlobalSection(SolutionProperties) = preSolution
		HideSolutionNode = FALSE
	EndGlobalSection
EndGlobal
